# THIS IS AN AUTOGENERATED FILE. DO NOT EDIT THIS FILE DIRECTLY.
# yarn lockfile v1


"@types/lodash@^4.14.149":
  version "4.14.149"
  resolved "https://registry.yarnpkg.com/@types/lodash/-/lodash-4.14.149.tgz#1342d63d948c6062838fbf961012f74d4e638440"
  integrity sha512-ijGqzZt/b7BfzcK9vTrS6MFljQRPn5BFWOx8oE0GYxribu6uV+aA9zZuXI1zc/etK9E8nrgdoF2+LgUw7+9tJQ==

"@types/node@^13.11.0":
  version "13.11.0"
  resolved "https://registry.yarnpkg.com/@types/node/-/node-13.11.0.tgz#390ea202539c61c8fa6ba4428b57e05bc36dc47b"
  integrity sha512-uM4mnmsIIPK/yeO+42F2RQhGUIs39K2RFmugcJANppXe6J1nvH87PvzPZYpza7Xhhs8Yn9yIAVdLZ84z61+0xQ==

lodash@^4.17.15:
  version "4.17.15"
  resolved "https://registry.yarnpkg.com/lodash/-/lodash-4.17.15.tgz#b447f6670a0455bbfeedd11392eff330ea097548"
  integrity sha512-8xOcRHvCjnocdS5cpwXQXVzmmh5e5+saE2QGoeQmbKmRS6J3VQppPOIt0MnmE+4xlZoumy0GPG0D0MVIQbNA1A==

node-bin-setup@^1.0.0:
  version "1.0.6"
  resolved "https://registry.yarnpkg.com/node-bin-setup/-/node-bin-setup-1.0.6.tgz#4b5c9bb937ece702d7069b36ca78af4684677528"
  integrity sha512-uPIxXNis1CRbv1DwqAxkgBk5NFV3s7cMN/Gf556jSw6jBvV7ca4F9lRL/8cALcZecRibeqU+5dFYqFFmzv5a0Q==

node@^13.12.0:
  version "13.12.0"
  resolved "https://registry.yarnpkg.com/node/-/node-13.12.0.tgz#6b254774a4d2a7bb1dd9e5487e2c4ba66f125621"
  integrity sha512-y59XTAeL1CYS645Bm6HFgNpp1NwFd/jTKP0q7j7z0EA0bDwieRNRNKdccvuHLDCMpxXti+r7Yu7Lxn2e/mUaIw==
  dependencies:
    node-bin-setup "^1.0.0"

prettier@2.0.3:
  version "2.0.3"
  resolved "https://registry.yarnpkg.com/prettier/-/prettier-2.0.3.tgz#9a06f0e94a51420e78b6925568b5bec72afe41ea"
  integrity sha512-5qpBDBHO9fpE0zruKiTZm8Gxmz7kknO+WlQR/ivV+RMwgDw/WjOgmxLDn66MPrxq/WZPx/EgEZzh87xJO5E6Fw==
